
Microsoft Visual Studio Solution File, Format Version 11.00
# Visual Studio 2010
# SharpDevelop 5.1
Project("{FAE04EC0-301F-11D3-BF4B-00C04F79EFBC}") = "Codes", "Codes\Codes.csproj", "{2888464C-A157-455C-9011-31864151B2DF}"
EndProject
Global
	GlobalSection(SolutionConfigurationPlatforms) = preSolution
		Debug|Any CPU = Debug|Any CPU
		Release|Any CPU = Release|Any CPU
	EndGlobalSection
	GlobalSection(ProjectConfigurationPlatforms) = postSolution
		{2888464C-A157-455C-9011-31864151B2DF}.Debug|Any CPU.ActiveCfg = Debug|Any CPU
		{2888464C-A157-455C-9011-31864151B2DF}.Debug|Any CPU.Build.0 = Debug|Any CPU
		{2888464C-A157-455C-9011-31864151B2DF}.Release|Any CPU.ActiveCfg = Release|Any CPU
		{2888464C-A157-455C-9011-31864151B2DF}.Release|Any CPU.Build.0 = Release|Any CPU
	EndGlobalSection
EndGlobal
